{
  "name": "creba-template-typescript",
  "version": "2.0.13",
  "lockfileVersion": 1,
  "requires": true,
  "dependencies": {
    "lodash": {
      "version": "4.17.21",
      "resolved": "https://registry.npmjs.org/lodash/-/lodash-4.17.21.tgz",
      "integrity": "sha512-v2kDEe57lecTulaDIuNTPy3Ry4gLGJ6Z1O3vE1krgXZNrsQ+LFTGHVxVjcXPs17LhbZVGedAJv8XZ1tvj5FvSg=="
    },
    "reblendjs": {
      "version": "2.0.13",
      "resolved": "https://registry.npmjs.org/reblendjs/-/reblendjs-2.0.13.tgz",
      "integrity": "sha512-vh2uSoG8xRAefWkeFTZkO4NOH+rZPfgu038QW38B8BzdID8+OdFQ7ZsD8MrBR9OzT6CqXRz97nXb4FSWUFeVfQ==",
      "requires": {
        "lodash": "^4.17.21"
      }
    }
  }
}
