{
  "name": "creba-template-typescript",
  "version": "2.0.11",
  "lockfileVersion": 1,
  "requires": true,
  "dependencies": {
    "lodash": {
      "version": "4.17.21",
      "resolved": "https://registry.npmjs.org/lodash/-/lodash-4.17.21.tgz",
      "integrity": "sha512-v2kDEe57lecTulaDIuNTPy3Ry4gLGJ6Z1O3vE1krgXZNrsQ+LFTGHVxVjcXPs17LhbZVGedAJv8XZ1tvj5FvSg=="
    },
    "reblendjs": {
      "version": "2.0.9",
      "resolved": "https://registry.npmjs.org/reblendjs/-/reblendjs-2.0.9.tgz",
      "integrity": "sha512-PJgNClkzKmPru7/0HS/7yTPrtiWJOYJVK7ESp4V7/pPGKiB3alvNlMX+8HF17RhOOB37yORNWYpxMKOQ643XPQ==",
      "requires": {
        "lodash": "^4.17.21"
      }
    }
  }
}
