{
  "name": "creba-template-typescript",
  "version": "2.0.13",
  "lockfileVersion": 1,
  "requires": true,
  "dependencies": {
    "lodash": {
      "version": "4.17.21",
      "resolved": "https://registry.npmjs.org/lodash/-/lodash-4.17.21.tgz",
      "integrity": "sha512-v2kDEe57lecTulaDIuNTPy3Ry4gLGJ6Z1O3vE1krgXZNrsQ+LFTGHVxVjcXPs17LhbZVGedAJv8XZ1tvj5FvSg=="
    },
    "reblendjs": {
      "version": "2.0.20",
      "resolved": "https://registry.npmjs.org/reblendjs/-/reblendjs-2.0.20.tgz",
      "integrity": "sha512-ddC5o5oelKqzkczVfy2Ml/BVq0qY98ZfM/TB2I9dj42Rr2SLwqtQQvPH4CPYLfXcss7jHlQXOnZwcbbOYND3QA==",
      "requires": {
        "lodash": "^4.17.21"
      }
    }
  }
}
