{
  "name": "creba-template",
  "version": "2.0.15",
  "lockfileVersion": 1,
  "requires": true,
  "dependencies": {
    "lodash": {
      "version": "4.17.21",
      "resolved": "https://registry.npmjs.org/lodash/-/lodash-4.17.21.tgz",
      "integrity": "sha512-v2kDEe57lecTulaDIuNTPy3Ry4gLGJ6Z1O3vE1krgXZNrsQ+LFTGHVxVjcXPs17LhbZVGedAJv8XZ1tvj5FvSg=="
    },
    "reblendjs": {
      "version": "2.0.18",
      "resolved": "https://registry.npmjs.org/reblendjs/-/reblendjs-2.0.18.tgz",
      "integrity": "sha512-aHVlzrhvNpKkGGib4aL4Ci6lVqHrBfMvR/RAWFxowEV/ti2sgUoD5JusneGxlF9ClNPpVzw9E4a9jtaFEV7esg==",
      "requires": {
        "lodash": "^4.17.21"
      }
    }
  }
}
