{
  "name": "creba-template",
  "version": "2.0.14",
  "lockfileVersion": 1,
  "requires": true,
  "dependencies": {
    "lodash": {
      "version": "4.17.21",
      "resolved": "https://registry.npmjs.org/lodash/-/lodash-4.17.21.tgz",
      "integrity": "sha512-v2kDEe57lecTulaDIuNTPy3Ry4gLGJ6Z1O3vE1krgXZNrsQ+LFTGHVxVjcXPs17LhbZVGedAJv8XZ1tvj5FvSg=="
    },
    "reblendjs": {
      "version": "2.0.17",
      "resolved": "https://registry.npmjs.org/reblendjs/-/reblendjs-2.0.17.tgz",
      "integrity": "sha512-6sph9kDC2DAdYCy9MVc+AjIASNf3PiVWSyqqCMWzpQekwD24Si/3g7of3bdaRQQLGHOOwJ7uOXeeSJt8jFHh1g==",
      "requires": {
        "lodash": "^4.17.21"
      }
    }
  }
}
