{
  "name": "creba-template",
  "version": "2.0.21",
  "lockfileVersion": 1,
  "requires": true,
  "dependencies": {
    "lodash": {
      "version": "4.17.21",
      "resolved": "https://registry.npmjs.org/lodash/-/lodash-4.17.21.tgz",
      "integrity": "sha512-v2kDEe57lecTulaDIuNTPy3Ry4gLGJ6Z1O3vE1krgXZNrsQ+LFTGHVxVjcXPs17LhbZVGedAJv8XZ1tvj5FvSg=="
    },
    "reblendjs": {
      "version": "2.0.22",
      "resolved": "https://registry.npmjs.org/reblendjs/-/reblendjs-2.0.22.tgz",
      "integrity": "sha512-0DrP6sVgGLH22XevlhFmlGVyVfQPF/oZMPoeWS+KnJwUlaP/LpmDwy6jc1W0pUQ2pA4w97ROdw9X57L/MNoUWQ==",
      "requires": {
        "lodash": "^4.17.21"
      }
    }
  }
}
